
Microsoft Visual Studio Solution File, Format Version 12.00
# Visual Studio Version 18
VisualStudioVersion = 18.3.11222.16
MinimumVisualStudioVersion = 10.0.40219.1
Project("{2150E333-8FDC-42A3-9474-1A3956D46DE8}") = "src", "src", "{827E0CD3-B72D-47B6-A68D-7590B98EB39B}"
EndProject
Project("{2150E333-8FDC-42A3-9474-1A3956D46DE8}") = "Services", "Services", "{8B2E4F1A-9C3D-4E5F-A6B7-1234567890AB}"
EndProject
Project("{2150E333-8FDC-42A3-9474-1A3956D46DE8}") = "BuildingBlocks", "BuildingBlocks", "{9C3E5F2B-0D4E-5F6A-B7C8-2345678901BC}"
EndProject
Project("{2150E333-8FDC-42A3-9474-1A3956D46DE8}") = "ApiGateway", "ApiGateway", "{FCA01246-F2C6-0AA7-D43F-FD13BE0B9D88}"
EndProject
Project("{FAE04EC0-301F-11D3-BF4B-00C04F79EFBC}") = "ECommerce.ApiGateway", "src\ApiGateway\ECommerce.ApiGateway.csproj", "{5E0CE075-273A-427F-8FCF-C2F3BEBFC1FB}"
EndProject
Project("{FAE04EC0-301F-11D3-BF4B-00C04F79EFBC}") = "ECommerce.Common", "src\BuildingBlocks\ECommerce.Common\ECommerce.Common.csproj", "{B1234567-89AB-CDEF-0123-456789ABCDE1}"
EndProject
Project("{FAE04EC0-301F-11D3-BF4B-00C04F79EFBC}") = "ECommerce.EventBus", "src\BuildingBlocks\ECommerce.EventBus\ECommerce.EventBus.csproj", "{B2234567-89AB-CDEF-0123-456789ABCDE2}"
EndProject
Project("{FAE04EC0-301F-11D3-BF4B-00C04F79EFBC}") = "ECommerce.Logging", "src\BuildingBlocks\ECommerce.Logging\ECommerce.Logging.csproj", "{B3234567-89AB-CDEF-0123-456789ABCDE3}"
EndProject
Project("{FAE04EC0-301F-11D3-BF4B-00C04F79EFBC}") = "ECommerce.Shared.Abstractions", "src\BuildingBlocks\ECommerce.Shared.Abstractions\ECommerce.Shared.Abstractions.csproj", "{B4234567-89AB-CDEF-0123-456789ABCDE4}"
EndProject
Project("{2150E333-8FDC-42A3-9474-1A3956D46DE8}") = "Users", "Users", "{B53CFDCF-D781-48EF-82EE-835C327C47F9}"
EndProject
Project("{FAE04EC0-301F-11D3-BF4B-00C04F79EFBC}") = "ECommerce.User.API", "src\Services\Users\ECommerce.User.API\ECommerce.User.API.csproj", "{191EA694-83DE-4F46-B6FA-E16DB7C5D8E4}"
EndProject
Project("{FAE04EC0-301F-11D3-BF4B-00C04F79EFBC}") = "ECommerce.User.Application", "src\Services\Users\ECommerce.User.Application\ECommerce.User.Application.csproj", "{D10DE3EE-1C87-40EE-B7B3-DD960109D809}"
EndProject
Project("{FAE04EC0-301F-11D3-BF4B-00C04F79EFBC}") = "ECommerce.User.Domain", "src\Services\Users\ECommerce.User.Domain\ECommerce.User.Domain.csproj", "{E935B38D-FB97-4BA8-8465-092B704F1AB9}"
EndProject
Project("{FAE04EC0-301F-11D3-BF4B-00C04F79EFBC}") = "ECommerce.User.Infrastructure", "src\Services\Users\ECommerce.User.Infrastructure\ECommerce.User.Infrastructure.csproj", "{D7B667B8-0E66-41C3-8B7D-0C820D6F8410}"
EndProject
Project("{2150E333-8FDC-42A3-9474-1A3956D46DE8}") = "Product", "Product", "{32EC071A-4C2C-4E31-8648-BC058462F1D2}"
EndProject
Project("{FAE04EC0-301F-11D3-BF4B-00C04F79EFBC}") = "ECommerce.Product.API", "src\Services\Product\ECommerce.Product.API\ECommerce.Product.API.csproj", "{A00F9FAB-1308-4495-8D42-4DA01E17D56D}"
EndProject
Project("{FAE04EC0-301F-11D3-BF4B-00C04F79EFBC}") = "ECommerce.Product.Application", "src\Services\Product\ECommerce.Product.Application\ECommerce.Product.Application.csproj", "{E36EE629-D2BC-47B6-8D1C-8B2583C06BFC}"
EndProject
Project("{FAE04EC0-301F-11D3-BF4B-00C04F79EFBC}") = "ECommerce.Product.Domain", "src\Services\Product\ECommerce.Product.Domain\ECommerce.Product.Domain.csproj", "{A78E3C52-6662-4576-9511-D894BD0C085C}"
EndProject
Project("{FAE04EC0-301F-11D3-BF4B-00C04F79EFBC}") = "ECommerce.Product.Infrastructure", "src\Services\Product\ECommerce.Product.Infrastructure\ECommerce.Product.Infrastructure.csproj", "{A69A0845-B262-4F3D-902A-103DB5234275}"
EndProject
Project("{2150E333-8FDC-42A3-9474-1A3956D46DE8}") = "ShoppingCart", "ShoppingCart", "{C1234567-89AB-CDEF-0123-456789ABCDE0}"
EndProject
Project("{FAE04EC0-301F-11D3-BF4B-00C04F79EFBC}") = "ECommerce.ShoppingCart.API", "src\Services\ShoppingCart\ECommerce.ShoppingCart.API\ECommerce.ShoppingCart.API.csproj", "{C1234567-89AB-CDEF-0123-456789ABCDE1}"
EndProject
Project("{FAE04EC0-301F-11D3-BF4B-00C04F79EFBC}") = "ECommerce.ShoppingCart.Application", "src\Services\ShoppingCart\ECommerce.ShoppingCart.Application\ECommerce.ShoppingCart.Application.csproj", "{C1234567-89AB-CDEF-0123-456789ABCDE2}"
EndProject
Project("{FAE04EC0-301F-11D3-BF4B-00C04F79EFBC}") = "ECommerce.ShoppingCart.Domain", "src\Services\ShoppingCart\ECommerce.ShoppingCart.Domain\ECommerce.ShoppingCart.Domain.csproj", "{C1234567-89AB-CDEF-0123-456789ABCDE3}"
EndProject
Project("{FAE04EC0-301F-11D3-BF4B-00C04F79EFBC}") = "ECommerce.ShoppingCart.Infrastructure", "src\Services\ShoppingCart\ECommerce.ShoppingCart.Infrastructure\ECommerce.ShoppingCart.Infrastructure.csproj", "{C1234567-89AB-CDEF-0123-456789ABCDE4}"
EndProject
Project("{2150E333-8FDC-42A3-9474-1A3956D46DE8}") = "Order", "Order", "{FD733103-5A0E-468A-9865-FE903B27DCFB}"
EndProject
Project("{FAE04EC0-301F-11D3-BF4B-00C04F79EFBC}") = "ECommerce.Order.API", "src\Services\Order\ECommerce.Order.API\ECommerce.Order.API.csproj", "{FB495BE2-5BF3-4530-99C9-7469949DFE82}"
EndProject
Project("{FAE04EC0-301F-11D3-BF4B-00C04F79EFBC}") = "ECommerce.Order.Application", "src\Services\Order\ECommerce.Order.Application\ECommerce.Order.Application.csproj", "{4D56D224-F64E-41E3-AC06-FD9A7D5C3F87}"
EndProject
Project("{FAE04EC0-301F-11D3-BF4B-00C04F79EFBC}") = "ECommerce.Order.Domain", "src\Services\Order\ECommerce.Order.Domain\ECommerce.Order.Domain.csproj", "{4A073059-AD61-4A0F-93D9-838917EEA781}"
EndProject
Project("{FAE04EC0-301F-11D3-BF4B-00C04F79EFBC}") = "ECommerce.Order.Infrastructure", "src\Services\Order\ECommerce.Order.Infrastructure\ECommerce.Order.Infrastructure.csproj", "{4689FBCC-B1E4-4573-8566-1DF4448F52AE}"
EndProject
Project("{2150E333-8FDC-42A3-9474-1A3956D46DE8}") = "Payment", "Payment", "{51B5500C-DA72-412B-B6A3-CE7898B74050}"
EndProject
Project("{FAE04EC0-301F-11D3-BF4B-00C04F79EFBC}") = "ECommerce.Payment.API", "src\Services\Payment\ECommerce.Payment.API\ECommerce.Payment.API.csproj", "{62E077EF-23D1-468E-BDDE-E0713FBF7311}"
EndProject
Project("{FAE04EC0-301F-11D3-BF4B-00C04F79EFBC}") = "ECommerce.Payment.Application", "src\Services\Payment\ECommerce.Payment.Application\ECommerce.Payment.Application.csproj", "{8DD2451A-8ED0-4D18-AFED-F1C34A719946}"
EndProject
Project("{FAE04EC0-301F-11D3-BF4B-00C04F79EFBC}") = "ECommerce.Payment.Domain", "src\Services\Payment\ECommerce.Payment.Domain\ECommerce.Payment.Domain.csproj", "{07B3EDC3-5E15-4C1B-AFA0-0836ACC31D36}"
EndProject
Project("{FAE04EC0-301F-11D3-BF4B-00C04F79EFBC}") = "ECommerce.Payment.Infrastructure", "src\Services\Payment\ECommerce.Payment.Infrastructure\ECommerce.Payment.Infrastructure.csproj", "{B80D31CC-643A-43EF-9296-CBE39B440BA5}"
EndProject
Project("{2150E333-8FDC-42A3-9474-1A3956D46DE8}") = "Notification", "Notification", "{CFD57FCB-2500-47CE-904A-DE7FCE842AA2}"
EndProject
Project("{FAE04EC0-301F-11D3-BF4B-00C04F79EFBC}") = "ECommerce.Notification.API", "src\Services\Notification\ECommerce.Notification.API\ECommerce.Notification.API.csproj", "{7B1C7C56-A458-4734-9ABE-012A621C7361}"
EndProject
Project("{FAE04EC0-301F-11D3-BF4B-00C04F79EFBC}") = "ECommerce.Notification.Application", "src\Services\Notification\ECommerce.Notification.Application\ECommerce.Notification.Application.csproj", "{A22200F2-4DB2-477F-BFAA-D514C58350D8}"
EndProject
Project("{FAE04EC0-301F-11D3-BF4B-00C04F79EFBC}") = "ECommerce.Notification.Domain", "src\Services\Notification\ECommerce.Notification.Domain\ECommerce.Notification.Domain.csproj", "{EE7C6349-2D6A-4000-812E-D69E48E72CAA}"
EndProject
Project("{FAE04EC0-301F-11D3-BF4B-00C04F79EFBC}") = "ECommerce.Notification.Infrastructure", "src\Services\Notification\ECommerce.Notification.Infrastructure\ECommerce.Notification.Infrastructure.csproj", "{284329C6-120B-4FC0-A22B-F76FDB59F6F0}"
EndProject
Project("{FAE04EC0-301F-11D3-BF4B-00C04F79EFBC}") = "ECommerce.AppHost", "src\ECommerce.AppHost\ECommerce.AppHost.csproj", "{4FD2BAF0-E9CC-4403-8661-7130C89EA603}"
EndProject
Project("{FAE04EC0-301F-11D3-BF4B-00C04F79EFBC}") = "ECommerce.ServiceDefaults", "src\ECommerce.ServiceDefaults\ECommerce.ServiceDefaults.csproj", "{FB5D9870-B9D8-4A4D-BDC1-039F6CC3D68F}"
EndProject
Global
	GlobalSection(SolutionConfigurationPlatforms) = preSolution
		Debug|Any CPU = Debug|Any CPU
		Debug|x64 = Debug|x64
		Debug|x86 = Debug|x86
		Release|Any CPU = Release|Any CPU
		Release|x64 = Release|x64
		Release|x86 = Release|x86
	EndGlobalSection
	GlobalSection(ProjectConfigurationPlatforms) = postSolution
		{5E0CE075-273A-427F-8FCF-C2F3BEBFC1FB}.Debug|Any CPU.ActiveCfg = Debug|Any CPU
		{5E0CE075-273A-427F-8FCF-C2F3BEBFC1FB}.Debug|Any CPU.Build.0 = Debug|Any CPU
		{5E0CE075-273A-427F-8FCF-C2F3BEBFC1FB}.Debug|x64.ActiveCfg = Debug|Any CPU
		{5E0CE075-273A-427F-8FCF-C2F3BEBFC1FB}.Debug|x64.Build.0 = Debug|Any CPU
		{5E0CE075-273A-427F-8FCF-C2F3BEBFC1FB}.Debug|x86.ActiveCfg = Debug|Any CPU
		{5E0CE075-273A-427F-8FCF-C2F3BEBFC1FB}.Debug|x86.Build.0 = Debug|Any CPU
		{5E0CE075-273A-427F-8FCF-C2F3BEBFC1FB}.Release|Any CPU.ActiveCfg = Release|Any CPU
		{5E0CE075-273A-427F-8FCF-C2F3BEBFC1FB}.Release|Any CPU.Build.0 = Release|Any CPU
		{5E0CE075-273A-427F-8FCF-C2F3BEBFC1FB}.Release|x64.ActiveCfg = Release|Any CPU
		{5E0CE075-273A-427F-8FCF-C2F3BEBFC1FB}.Release|x64.Build.0 = Release|Any CPU
		{5E0CE075-273A-427F-8FCF-C2F3BEBFC1FB}.Release|x86.ActiveCfg = Release|Any CPU
		{5E0CE075-273A-427F-8FCF-C2F3BEBFC1FB}.Release|x86.Build.0 = Release|Any CPU
		{B1234567-89AB-CDEF-0123-456789ABCDE1}.Debug|Any CPU.ActiveCfg = Debug|Any CPU
		{B1234567-89AB-CDEF-0123-456789ABCDE1}.Debug|Any CPU.Build.0 = Debug|Any CPU
		{B1234567-89AB-CDEF-0123-456789ABCDE1}.Debug|x64.ActiveCfg = Debug|Any CPU
		{B1234567-89AB-CDEF-0123-456789ABCDE1}.Debug|x64.Build.0 = Debug|Any CPU
		{B1234567-89AB-CDEF-0123-456789ABCDE1}.Debug|x86.ActiveCfg = Debug|Any CPU
		{B1234567-89AB-CDEF-0123-456789ABCDE1}.Debug|x86.Build.0 = Debug|Any CPU
		{B1234567-89AB-CDEF-0123-456789ABCDE1}.Release|Any CPU.ActiveCfg = Release|Any CPU
		{B1234567-89AB-CDEF-0123-456789ABCDE1}.Release|Any CPU.Build.0 = Release|Any CPU
		{B1234567-89AB-CDEF-0123-456789ABCDE1}.Release|x64.ActiveCfg = Release|Any CPU
		{B1234567-89AB-CDEF-0123-456789ABCDE1}.Release|x64.Build.0 = Release|Any CPU
		{B1234567-89AB-CDEF-0123-456789ABCDE1}.Release|x86.ActiveCfg = Release|Any CPU
		{B1234567-89AB-CDEF-0123-456789ABCDE1}.Release|x86.Build.0 = Release|Any CPU
		{B2234567-89AB-CDEF-0123-456789ABCDE2}.Debug|Any CPU.ActiveCfg = Debug|Any CPU
		{B2234567-89AB-CDEF-0123-456789ABCDE2}.Debug|Any CPU.Build.0 = Debug|Any CPU
		{B2234567-89AB-CDEF-0123-456789ABCDE2}.Debug|x64.ActiveCfg = Debug|Any CPU
		{B2234567-89AB-CDEF-0123-456789ABCDE2}.Debug|x64.Build.0 = Debug|Any CPU
		{B2234567-89AB-CDEF-0123-456789ABCDE2}.Debug|x86.ActiveCfg = Debug|Any CPU
		{B2234567-89AB-CDEF-0123-456789ABCDE2}.Debug|x86.Build.0 = Debug|Any CPU
		{B2234567-89AB-CDEF-0123-456789ABCDE2}.Release|Any CPU.ActiveCfg = Release|Any CPU
		{B2234567-89AB-CDEF-0123-456789ABCDE2}.Release|Any CPU.Build.0 = Release|Any CPU
		{B2234567-89AB-CDEF-0123-456789ABCDE2}.Release|x64.ActiveCfg = Release|Any CPU
		{B2234567-89AB-CDEF-0123-456789ABCDE2}.Release|x64.Build.0 = Release|Any CPU
		{B2234567-89AB-CDEF-0123-456789ABCDE2}.Release|x86.ActiveCfg = Release|Any CPU
		{B2234567-89AB-CDEF-0123-456789ABCDE2}.Release|x86.Build.0 = Release|Any CPU
		{B3234567-89AB-CDEF-0123-456789ABCDE3}.Debug|Any CPU.ActiveCfg = Debug|Any CPU
		{B3234567-89AB-CDEF-0123-456789ABCDE3}.Debug|Any CPU.Build.0 = Debug|Any CPU
		{B3234567-89AB-CDEF-0123-456789ABCDE3}.Debug|x64.ActiveCfg = Debug|Any CPU
		{B3234567-89AB-CDEF-0123-456789ABCDE3}.Debug|x64.Build.0 = Debug|Any CPU
		{B3234567-89AB-CDEF-0123-456789ABCDE3}.Debug|x86.ActiveCfg = Debug|Any CPU
		{B3234567-89AB-CDEF-0123-456789ABCDE3}.Debug|x86.Build.0 = Debug|Any CPU
		{B3234567-89AB-CDEF-0123-456789ABCDE3}.Release|Any CPU.ActiveCfg = Release|Any CPU
		{B3234567-89AB-CDEF-0123-456789ABCDE3}.Release|Any CPU.Build.0 = Release|Any CPU
		{B3234567-89AB-CDEF-0123-456789ABCDE3}.Release|x64.ActiveCfg = Release|Any CPU
		{B3234567-89AB-CDEF-0123-456789ABCDE3}.Release|x64.Build.0 = Release|Any CPU
		{B3234567-89AB-CDEF-0123-456789ABCDE3}.Release|x86.ActiveCfg = Release|Any CPU
		{B3234567-89AB-CDEF-0123-456789ABCDE3}.Release|x86.Build.0 = Release|Any CPU
		{B4234567-89AB-CDEF-0123-456789ABCDE4}.Debug|Any CPU.ActiveCfg = Debug|Any CPU
		{B4234567-89AB-CDEF-0123-456789ABCDE4}.Debug|Any CPU.Build.0 = Debug|Any CPU
		{B4234567-89AB-CDEF-0123-456789ABCDE4}.Debug|x64.ActiveCfg = Debug|Any CPU
		{B4234567-89AB-CDEF-0123-456789ABCDE4}.Debug|x64.Build.0 = Debug|Any CPU
		{B4234567-89AB-CDEF-0123-456789ABCDE4}.Debug|x86.ActiveCfg = Debug|Any CPU
		{B4234567-89AB-CDEF-0123-456789ABCDE4}.Debug|x86.Build.0 = Debug|Any CPU
		{B4234567-89AB-CDEF-0123-456789ABCDE4}.Release|Any CPU.ActiveCfg = Release|Any CPU
		{B4234567-89AB-CDEF-0123-456789ABCDE4}.Release|Any CPU.Build.0 = Release|Any CPU
		{B4234567-89AB-CDEF-0123-456789ABCDE4}.Release|x64.ActiveCfg = Release|Any CPU
		{B4234567-89AB-CDEF-0123-456789ABCDE4}.Release|x64.Build.0 = Release|Any CPU
		{B4234567-89AB-CDEF-0123-456789ABCDE4}.Release|x86.ActiveCfg = Release|Any CPU
		{B4234567-89AB-CDEF-0123-456789ABCDE4}.Release|x86.Build.0 = Release|Any CPU
		{191EA694-83DE-4F46-B6FA-E16DB7C5D8E4}.Debug|Any CPU.ActiveCfg = Debug|Any CPU
		{191EA694-83DE-4F46-B6FA-E16DB7C5D8E4}.Debug|Any CPU.Build.0 = Debug|Any CPU
		{191EA694-83DE-4F46-B6FA-E16DB7C5D8E4}.Debug|x64.ActiveCfg = Debug|Any CPU
		{191EA694-83DE-4F46-B6FA-E16DB7C5D8E4}.Debug|x64.Build.0 = Debug|Any CPU
		{191EA694-83DE-4F46-B6FA-E16DB7C5D8E4}.Debug|x86.ActiveCfg = Debug|Any CPU
		{191EA694-83DE-4F46-B6FA-E16DB7C5D8E4}.Debug|x86.Build.0 = Debug|Any CPU
		{191EA694-83DE-4F46-B6FA-E16DB7C5D8E4}.Release|Any CPU.ActiveCfg = Release|Any CPU
		{191EA694-83DE-4F46-B6FA-E16DB7C5D8E4}.Release|Any CPU.Build.0 = Release|Any CPU
		{191EA694-83DE-4F46-B6FA-E16DB7C5D8E4}.Release|x64.ActiveCfg = Release|Any CPU
		{191EA694-83DE-4F46-B6FA-E16DB7C5D8E4}.Release|x64.Build.0 = Release|Any CPU
		{191EA694-83DE-4F46-B6FA-E16DB7C5D8E4}.Release|x86.ActiveCfg = Release|Any CPU
		{191EA694-83DE-4F46-B6FA-E16DB7C5D8E4}.Release|x86.Build.0 = Release|Any CPU
		{D10DE3EE-1C87-40EE-B7B3-DD960109D809}.Debug|Any CPU.ActiveCfg = Debug|Any CPU
		{D10DE3EE-1C87-40EE-B7B3-DD960109D809}.Debug|Any CPU.Build.0 = Debug|Any CPU
		{D10DE3EE-1C87-40EE-B7B3-DD960109D809}.Debug|x64.ActiveCfg = Debug|Any CPU
		{D10DE3EE-1C87-40EE-B7B3-DD960109D809}.Debug|x64.Build.0 = Debug|Any CPU
		{D10DE3EE-1C87-40EE-B7B3-DD960109D809}.Debug|x86.ActiveCfg = Debug|Any CPU
		{D10DE3EE-1C87-40EE-B7B3-DD960109D809}.Debug|x86.Build.0 = Debug|Any CPU
		{D10DE3EE-1C87-40EE-B7B3-DD960109D809}.Release|Any CPU.ActiveCfg = Release|Any CPU
		{D10DE3EE-1C87-40EE-B7B3-DD960109D809}.Release|Any CPU.Build.0 = Release|Any CPU
		{D10DE3EE-1C87-40EE-B7B3-DD960109D809}.Release|x64.ActiveCfg = Release|Any CPU
		{D10DE3EE-1C87-40EE-B7B3-DD960109D809}.Release|x64.Build.0 = Release|Any CPU
		{D10DE3EE-1C87-40EE-B7B3-DD960109D809}.Release|x86.ActiveCfg = Release|Any CPU
		{D10DE3EE-1C87-40EE-B7B3-DD960109D809}.Release|x86.Build.0 = Release|Any CPU
		{E935B38D-FB97-4BA8-8465-092B704F1AB9}.Debug|Any CPU.ActiveCfg = Debug|Any CPU
		{E935B38D-FB97-4BA8-8465-092B704F1AB9}.Debug|Any CPU.Build.0 = Debug|Any CPU
		{E935B38D-FB97-4BA8-8465-092B704F1AB9}.Debug|x64.ActiveCfg = Debug|Any CPU
		{E935B38D-FB97-4BA8-8465-092B704F1AB9}.Debug|x64.Build.0 = Debug|Any CPU
		{E935B38D-FB97-4BA8-8465-092B704F1AB9}.Debug|x86.ActiveCfg = Debug|Any CPU
		{E935B38D-FB97-4BA8-8465-092B704F1AB9}.Debug|x86.Build.0 = Debug|Any CPU
		{E935B38D-FB97-4BA8-8465-092B704F1AB9}.Release|Any CPU.ActiveCfg = Release|Any CPU
		{E935B38D-FB97-4BA8-8465-092B704F1AB9}.Release|Any CPU.Build.0 = Release|Any CPU
		{E935B38D-FB97-4BA8-8465-092B704F1AB9}.Release|x64.ActiveCfg = Release|Any CPU
		{E935B38D-FB97-4BA8-8465-092B704F1AB9}.Release|x64.Build.0 = Release|Any CPU
		{E935B38D-FB97-4BA8-8465-092B704F1AB9}.Release|x86.ActiveCfg = Release|Any CPU
		{E935B38D-FB97-4BA8-8465-092B704F1AB9}.Release|x86.Build.0 = Release|Any CPU
		{D7B667B8-0E66-41C3-8B7D-0C820D6F8410}.Debug|Any CPU.ActiveCfg = Debug|Any CPU
		{D7B667B8-0E66-41C3-8B7D-0C820D6F8410}.Debug|Any CPU.Build.0 = Debug|Any CPU
		{D7B667B8-0E66-41C3-8B7D-0C820D6F8410}.Debug|x64.ActiveCfg = Debug|Any CPU
		{D7B667B8-0E66-41C3-8B7D-0C820D6F8410}.Debug|x64.Build.0 = Debug|Any CPU
		{D7B667B8-0E66-41C3-8B7D-0C820D6F8410}.Debug|x86.ActiveCfg = Debug|Any CPU
		{D7B667B8-0E66-41C3-8B7D-0C820D6F8410}.Debug|x86.Build.0 = Debug|Any CPU
		{D7B667B8-0E66-41C3-8B7D-0C820D6F8410}.Release|Any CPU.ActiveCfg = Release|Any CPU
		{D7B667B8-0E66-41C3-8B7D-0C820D6F8410}.Release|Any CPU.Build.0 = Release|Any CPU
		{D7B667B8-0E66-41C3-8B7D-0C820D6F8410}.Release|x64.ActiveCfg = Release|Any CPU
		{D7B667B8-0E66-41C3-8B7D-0C820D6F8410}.Release|x64.Build.0 = Release|Any CPU
		{D7B667B8-0E66-41C3-8B7D-0C820D6F8410}.Release|x86.ActiveCfg = Release|Any CPU
		{D7B667B8-0E66-41C3-8B7D-0C820D6F8410}.Release|x86.Build.0 = Release|Any CPU
		{A00F9FAB-1308-4495-8D42-4DA01E17D56D}.Debug|Any CPU.ActiveCfg = Debug|Any CPU
		{A00F9FAB-1308-4495-8D42-4DA01E17D56D}.Debug|Any CPU.Build.0 = Debug|Any CPU
		{A00F9FAB-1308-4495-8D42-4DA01E17D56D}.Debug|x64.ActiveCfg = Debug|Any CPU
		{A00F9FAB-1308-4495-8D42-4DA01E17D56D}.Debug|x64.Build.0 = Debug|Any CPU
		{A00F9FAB-1308-4495-8D42-4DA01E17D56D}.Debug|x86.ActiveCfg = Debug|Any CPU
		{A00F9FAB-1308-4495-8D42-4DA01E17D56D}.Debug|x86.Build.0 = Debug|Any CPU
		{A00F9FAB-1308-4495-8D42-4DA01E17D56D}.Release|Any CPU.ActiveCfg = Release|Any CPU
		{A00F9FAB-1308-4495-8D42-4DA01E17D56D}.Release|Any CPU.Build.0 = Release|Any CPU
		{A00F9FAB-1308-4495-8D42-4DA01E17D56D}.Release|x64.ActiveCfg = Release|Any CPU
		{A00F9FAB-1308-4495-8D42-4DA01E17D56D}.Release|x64.Build.0 = Release|Any CPU
		{A00F9FAB-1308-4495-8D42-4DA01E17D56D}.Release|x86.ActiveCfg = Release|Any CPU
		{A00F9FAB-1308-4495-8D42-4DA01E17D56D}.Release|x86.Build.0 = Release|Any CPU
		{E36EE629-D2BC-47B6-8D1C-8B2583C06BFC}.Debug|Any CPU.ActiveCfg = Debug|Any CPU
		{E36EE629-D2BC-47B6-8D1C-8B2583C06BFC}.Debug|Any CPU.Build.0 = Debug|Any CPU
		{E36EE629-D2BC-47B6-8D1C-8B2583C06BFC}.Debug|x64.ActiveCfg = Debug|Any CPU
		{E36EE629-D2BC-47B6-8D1C-8B2583C06BFC}.Debug|x64.Build.0 = Debug|Any CPU
		{E36EE629-D2BC-47B6-8D1C-8B2583C06BFC}.Debug|x86.ActiveCfg = Debug|Any CPU
		{E36EE629-D2BC-47B6-8D1C-8B2583C06BFC}.Debug|x86.Build.0 = Debug|Any CPU
		{E36EE629-D2BC-47B6-8D1C-8B2583C06BFC}.Release|Any CPU.ActiveCfg = Release|Any CPU
		{E36EE629-D2BC-47B6-8D1C-8B2583C06BFC}.Release|Any CPU.Build.0 = Release|Any CPU
		{E36EE629-D2BC-47B6-8D1C-8B2583C06BFC}.Release|x64.ActiveCfg = Release|Any CPU
		{E36EE629-D2BC-47B6-8D1C-8B2583C06BFC}.Release|x64.Build.0 = Release|Any CPU
		{E36EE629-D2BC-47B6-8D1C-8B2583C06BFC}.Release|x86.ActiveCfg = Release|Any CPU
		{E36EE629-D2BC-47B6-8D1C-8B2583C06BFC}.Release|x86.Build.0 = Release|Any CPU
		{A78E3C52-6662-4576-9511-D894BD0C085C}.Debug|Any CPU.ActiveCfg = Debug|Any CPU
		{A78E3C52-6662-4576-9511-D894BD0C085C}.Debug|Any CPU.Build.0 = Debug|Any CPU
		{A78E3C52-6662-4576-9511-D894BD0C085C}.Debug|x64.ActiveCfg = Debug|Any CPU
		{A78E3C52-6662-4576-9511-D894BD0C085C}.Debug|x64.Build.0 = Debug|Any CPU
		{A78E3C52-6662-4576-9511-D894BD0C085C}.Debug|x86.ActiveCfg = Debug|Any CPU
		{A78E3C52-6662-4576-9511-D894BD0C085C}.Debug|x86.Build.0 = Debug|Any CPU
		{A78E3C52-6662-4576-9511-D894BD0C085C}.Release|Any CPU.ActiveCfg = Release|Any CPU
		{A78E3C52-6662-4576-9511-D894BD0C085C}.Release|Any CPU.Build.0 = Release|Any CPU
		{A78E3C52-6662-4576-9511-D894BD0C085C}.Release|x64.ActiveCfg = Release|Any CPU
		{A78E3C52-6662-4576-9511-D894BD0C085C}.Release|x64.Build.0 = Release|Any CPU
		{A78E3C52-6662-4576-9511-D894BD0C085C}.Release|x86.ActiveCfg = Release|Any CPU
		{A78E3C52-6662-4576-9511-D894BD0C085C}.Release|x86.Build.0 = Release|Any CPU
		{A69A0845-B262-4F3D-902A-103DB5234275}.Debug|Any CPU.ActiveCfg = Debug|Any CPU
		{A69A0845-B262-4F3D-902A-103DB5234275}.Debug|Any CPU.Build.0 = Debug|Any CPU
		{A69A0845-B262-4F3D-902A-103DB5234275}.Debug|x64.ActiveCfg = Debug|Any CPU
		{A69A0845-B262-4F3D-902A-103DB5234275}.Debug|x64.Build.0 = Debug|Any CPU
		{A69A0845-B262-4F3D-902A-103DB5234275}.Debug|x86.ActiveCfg = Debug|Any CPU
		{A69A0845-B262-4F3D-902A-103DB5234275}.Debug|x86.Build.0 = Debug|Any CPU
		{A69A0845-B262-4F3D-902A-103DB5234275}.Release|Any CPU.ActiveCfg = Release|Any CPU
		{A69A0845-B262-4F3D-902A-103DB5234275}.Release|Any CPU.Build.0 = Release|Any CPU
		{A69A0845-B262-4F3D-902A-103DB5234275}.Release|x64.ActiveCfg = Release|Any CPU
		{A69A0845-B262-4F3D-902A-103DB5234275}.Release|x64.Build.0 = Release|Any CPU
		{A69A0845-B262-4F3D-902A-103DB5234275}.Release|x86.ActiveCfg = Release|Any CPU
		{A69A0845-B262-4F3D-902A-103DB5234275}.Release|x86.Build.0 = Release|Any CPU
		{C1234567-89AB-CDEF-0123-456789ABCDE1}.Debug|Any CPU.ActiveCfg = Debug|Any CPU
		{C1234567-89AB-CDEF-0123-456789ABCDE1}.Debug|Any CPU.Build.0 = Debug|Any CPU
		{C1234567-89AB-CDEF-0123-456789ABCDE1}.Debug|x64.ActiveCfg = Debug|Any CPU
		{C1234567-89AB-CDEF-0123-456789ABCDE1}.Debug|x64.Build.0 = Debug|Any CPU
		{C1234567-89AB-CDEF-0123-456789ABCDE1}.Debug|x86.ActiveCfg = Debug|Any CPU
		{C1234567-89AB-CDEF-0123-456789ABCDE1}.Debug|x86.Build.0 = Debug|Any CPU
		{C1234567-89AB-CDEF-0123-456789ABCDE1}.Release|Any CPU.ActiveCfg = Release|Any CPU
		{C1234567-89AB-CDEF-0123-456789ABCDE1}.Release|Any CPU.Build.0 = Release|Any CPU
		{C1234567-89AB-CDEF-0123-456789ABCDE1}.Release|x64.ActiveCfg = Release|Any CPU
		{C1234567-89AB-CDEF-0123-456789ABCDE1}.Release|x64.Build.0 = Release|Any CPU
		{C1234567-89AB-CDEF-0123-456789ABCDE1}.Release|x86.ActiveCfg = Release|Any CPU
		{C1234567-89AB-CDEF-0123-456789ABCDE1}.Release|x86.Build.0 = Release|Any CPU
		{C1234567-89AB-CDEF-0123-456789ABCDE2}.Debug|Any CPU.ActiveCfg = Debug|Any CPU
		{C1234567-89AB-CDEF-0123-456789ABCDE2}.Debug|Any CPU.Build.0 = Debug|Any CPU
		{C1234567-89AB-CDEF-0123-456789ABCDE2}.Debug|x64.ActiveCfg = Debug|Any CPU
		{C1234567-89AB-CDEF-0123-456789ABCDE2}.Debug|x64.Build.0 = Debug|Any CPU
		{C1234567-89AB-CDEF-0123-456789ABCDE2}.Debug|x86.ActiveCfg = Debug|Any CPU
		{C1234567-89AB-CDEF-0123-456789ABCDE2}.Debug|x86.Build.0 = Debug|Any CPU
		{C1234567-89AB-CDEF-0123-456789ABCDE2}.Release|Any CPU.ActiveCfg = Release|Any CPU
		{C1234567-89AB-CDEF-0123-456789ABCDE2}.Release|Any CPU.Build.0 = Release|Any CPU
		{C1234567-89AB-CDEF-0123-456789ABCDE2}.Release|x64.ActiveCfg = Release|Any CPU
		{C1234567-89AB-CDEF-0123-456789ABCDE2}.Release|x64.Build.0 = Release|Any CPU
		{C1234567-89AB-CDEF-0123-456789ABCDE2}.Release|x86.ActiveCfg = Release|Any CPU
		{C1234567-89AB-CDEF-0123-456789ABCDE2}.Release|x86.Build.0 = Release|Any CPU
		{C1234567-89AB-CDEF-0123-456789ABCDE3}.Debug|Any CPU.ActiveCfg = Debug|Any CPU
		{C1234567-89AB-CDEF-0123-456789ABCDE3}.Debug|Any CPU.Build.0 = Debug|Any CPU
		{C1234567-89AB-CDEF-0123-456789ABCDE3}.Debug|x64.ActiveCfg = Debug|Any CPU
		{C1234567-89AB-CDEF-0123-456789ABCDE3}.Debug|x64.Build.0 = Debug|Any CPU
		{C1234567-89AB-CDEF-0123-456789ABCDE3}.Debug|x86.ActiveCfg = Debug|Any CPU
		{C1234567-89AB-CDEF-0123-456789ABCDE3}.Debug|x86.Build.0 = Debug|Any CPU
		{C1234567-89AB-CDEF-0123-456789ABCDE3}.Release|Any CPU.ActiveCfg = Release|Any CPU
		{C1234567-89AB-CDEF-0123-456789ABCDE3}.Release|Any CPU.Build.0 = Release|Any CPU
		{C1234567-89AB-CDEF-0123-456789ABCDE3}.Release|x64.ActiveCfg = Release|Any CPU
		{C1234567-89AB-CDEF-0123-456789ABCDE3}.Release|x64.Build.0 = Release|Any CPU
		{C1234567-89AB-CDEF-0123-456789ABCDE3}.Release|x86.ActiveCfg = Release|Any CPU
		{C1234567-89AB-CDEF-0123-456789ABCDE3}.Release|x86.Build.0 = Release|Any CPU
		{C1234567-89AB-CDEF-0123-456789ABCDE4}.Debug|Any CPU.ActiveCfg = Debug|Any CPU
		{C1234567-89AB-CDEF-0123-456789ABCDE4}.Debug|Any CPU.Build.0 = Debug|Any CPU
		{C1234567-89AB-CDEF-0123-456789ABCDE4}.Debug|x64.ActiveCfg = Debug|Any CPU
		{C1234567-89AB-CDEF-0123-456789ABCDE4}.Debug|x64.Build.0 = Debug|Any CPU
		{C1234567-89AB-CDEF-0123-456789ABCDE4}.Debug|x86.ActiveCfg = Debug|Any CPU
		{C1234567-89AB-CDEF-0123-456789ABCDE4}.Debug|x86.Build.0 = Debug|Any CPU
		{C1234567-89AB-CDEF-0123-456789ABCDE4}.Release|Any CPU.ActiveCfg = Release|Any CPU
		{C1234567-89AB-CDEF-0123-456789ABCDE4}.Release|Any CPU.Build.0 = Release|Any CPU
		{C1234567-89AB-CDEF-0123-456789ABCDE4}.Release|x64.ActiveCfg = Release|Any CPU
		{C1234567-89AB-CDEF-0123-456789ABCDE4}.Release|x64.Build.0 = Release|Any CPU
		{C1234567-89AB-CDEF-0123-456789ABCDE4}.Release|x86.ActiveCfg = Release|Any CPU
		{C1234567-89AB-CDEF-0123-456789ABCDE4}.Release|x86.Build.0 = Release|Any CPU
		{FB495BE2-5BF3-4530-99C9-7469949DFE82}.Debug|Any CPU.ActiveCfg = Debug|Any CPU
		{FB495BE2-5BF3-4530-99C9-7469949DFE82}.Debug|Any CPU.Build.0 = Debug|Any CPU
		{FB495BE2-5BF3-4530-99C9-7469949DFE82}.Debug|x64.ActiveCfg = Debug|Any CPU
		{FB495BE2-5BF3-4530-99C9-7469949DFE82}.Debug|x64.Build.0 = Debug|Any CPU
		{FB495BE2-5BF3-4530-99C9-7469949DFE82}.Debug|x86.ActiveCfg = Debug|Any CPU
		{FB495BE2-5BF3-4530-99C9-7469949DFE82}.Debug|x86.Build.0 = Debug|Any CPU
		{FB495BE2-5BF3-4530-99C9-7469949DFE82}.Release|Any CPU.ActiveCfg = Release|Any CPU
		{FB495BE2-5BF3-4530-99C9-7469949DFE82}.Release|Any CPU.Build.0 = Release|Any CPU
		{FB495BE2-5BF3-4530-99C9-7469949DFE82}.Release|x64.ActiveCfg = Release|Any CPU
		{FB495BE2-5BF3-4530-99C9-7469949DFE82}.Release|x64.Build.0 = Release|Any CPU
		{FB495BE2-5BF3-4530-99C9-7469949DFE82}.Release|x86.ActiveCfg = Release|Any CPU
		{FB495BE2-5BF3-4530-99C9-7469949DFE82}.Release|x86.Build.0 = Release|Any CPU
		{4D56D224-F64E-41E3-AC06-FD9A7D5C3F87}.Debug|Any CPU.ActiveCfg = Debug|Any CPU
		{4D56D224-F64E-41E3-AC06-FD9A7D5C3F87}.Debug|Any CPU.Build.0 = Debug|Any CPU
		{4D56D224-F64E-41E3-AC06-FD9A7D5C3F87}.Debug|x64.ActiveCfg = Debug|Any CPU
		{4D56D224-F64E-41E3-AC06-FD9A7D5C3F87}.Debug|x64.Build.0 = Debug|Any CPU
		{4D56D224-F64E-41E3-AC06-FD9A7D5C3F87}.Debug|x86.ActiveCfg = Debug|Any CPU
		{4D56D224-F64E-41E3-AC06-FD9A7D5C3F87}.Debug|x86.Build.0 = Debug|Any CPU
		{4D56D224-F64E-41E3-AC06-FD9A7D5C3F87}.Release|Any CPU.ActiveCfg = Release|Any CPU
		{4D56D224-F64E-41E3-AC06-FD9A7D5C3F87}.Release|Any CPU.Build.0 = Release|Any CPU
		{4D56D224-F64E-41E3-AC06-FD9A7D5C3F87}.Release|x64.ActiveCfg = Release|Any CPU
		{4D56D224-F64E-41E3-AC06-FD9A7D5C3F87}.Release|x64.Build.0 = Release|Any CPU
		{4D56D224-F64E-41E3-AC06-FD9A7D5C3F87}.Release|x86.ActiveCfg = Release|Any CPU
		{4D56D224-F64E-41E3-AC06-FD9A7D5C3F87}.Release|x86.Build.0 = Release|Any CPU
		{4A073059-AD61-4A0F-93D9-838917EEA781}.Debug|Any CPU.ActiveCfg = Debug|Any CPU
		{4A073059-AD61-4A0F-93D9-838917EEA781}.Debug|Any CPU.Build.0 = Debug|Any CPU
		{4A073059-AD61-4A0F-93D9-838917EEA781}.Debug|x64.ActiveCfg = Debug|Any CPU
		{4A073059-AD61-4A0F-93D9-838917EEA781}.Debug|x64.Build.0 = Debug|Any CPU
		{4A073059-AD61-4A0F-93D9-838917EEA781}.Debug|x86.ActiveCfg = Debug|Any CPU
		{4A073059-AD61-4A0F-93D9-838917EEA781}.Debug|x86.Build.0 = Debug|Any CPU
		{4A073059-AD61-4A0F-93D9-838917EEA781}.Release|Any CPU.ActiveCfg = Release|Any CPU
		{4A073059-AD61-4A0F-93D9-838917EEA781}.Release|Any CPU.Build.0 = Release|Any CPU
		{4A073059-AD61-4A0F-93D9-838917EEA781}.Release|x64.ActiveCfg = Release|Any CPU
		{4A073059-AD61-4A0F-93D9-838917EEA781}.Release|x64.Build.0 = Release|Any CPU
		{4A073059-AD61-4A0F-93D9-838917EEA781}.Release|x86.ActiveCfg = Release|Any CPU
		{4A073059-AD61-4A0F-93D9-838917EEA781}.Release|x86.Build.0 = Release|Any CPU
		{4689FBCC-B1E4-4573-8566-1DF4448F52AE}.Debug|Any CPU.ActiveCfg = Debug|Any CPU
		{4689FBCC-B1E4-4573-8566-1DF4448F52AE}.Debug|Any CPU.Build.0 = Debug|Any CPU
		{4689FBCC-B1E4-4573-8566-1DF4448F52AE}.Debug|x64.ActiveCfg = Debug|Any CPU
		{4689FBCC-B1E4-4573-8566-1DF4448F52AE}.Debug|x64.Build.0 = Debug|Any CPU
		{4689FBCC-B1E4-4573-8566-1DF4448F52AE}.Debug|x86.ActiveCfg = Debug|Any CPU
		{4689FBCC-B1E4-4573-8566-1DF4448F52AE}.Debug|x86.Build.0 = Debug|Any CPU
		{4689FBCC-B1E4-4573-8566-1DF4448F52AE}.Release|Any CPU.ActiveCfg = Release|Any CPU
		{4689FBCC-B1E4-4573-8566-1DF4448F52AE}.Release|Any CPU.Build.0 = Release|Any CPU
		{4689FBCC-B1E4-4573-8566-1DF4448F52AE}.Release|x64.ActiveCfg = Release|Any CPU
		{4689FBCC-B1E4-4573-8566-1DF4448F52AE}.Release|x64.Build.0 = Release|Any CPU
		{4689FBCC-B1E4-4573-8566-1DF4448F52AE}.Release|x86.ActiveCfg = Release|Any CPU
		{4689FBCC-B1E4-4573-8566-1DF4448F52AE}.Release|x86.Build.0 = Release|Any CPU
		{62E077EF-23D1-468E-BDDE-E0713FBF7311}.Debug|Any CPU.ActiveCfg = Debug|Any CPU
		{62E077EF-23D1-468E-BDDE-E0713FBF7311}.Debug|Any CPU.Build.0 = Debug|Any CPU
		{62E077EF-23D1-468E-BDDE-E0713FBF7311}.Debug|x64.ActiveCfg = Debug|Any CPU
		{62E077EF-23D1-468E-BDDE-E0713FBF7311}.Debug|x64.Build.0 = Debug|Any CPU
		{62E077EF-23D1-468E-BDDE-E0713FBF7311}.Debug|x86.ActiveCfg = Debug|Any CPU
		{62E077EF-23D1-468E-BDDE-E0713FBF7311}.Debug|x86.Build.0 = Debug|Any CPU
		{62E077EF-23D1-468E-BDDE-E0713FBF7311}.Release|Any CPU.ActiveCfg = Release|Any CPU
		{62E077EF-23D1-468E-BDDE-E0713FBF7311}.Release|Any CPU.Build.0 = Release|Any CPU
		{62E077EF-23D1-468E-BDDE-E0713FBF7311}.Release|x64.ActiveCfg = Release|Any CPU
		{62E077EF-23D1-468E-BDDE-E0713FBF7311}.Release|x64.Build.0 = Release|Any CPU
		{62E077EF-23D1-468E-BDDE-E0713FBF7311}.Release|x86.ActiveCfg = Release|Any CPU
		{62E077EF-23D1-468E-BDDE-E0713FBF7311}.Release|x86.Build.0 = Release|Any CPU
		{8DD2451A-8ED0-4D18-AFED-F1C34A719946}.Debug|Any CPU.ActiveCfg = Debug|Any CPU
		{8DD2451A-8ED0-4D18-AFED-F1C34A719946}.Debug|Any CPU.Build.0 = Debug|Any CPU
		{8DD2451A-8ED0-4D18-AFED-F1C34A719946}.Debug|x64.ActiveCfg = Debug|Any CPU
		{8DD2451A-8ED0-4D18-AFED-F1C34A719946}.Debug|x64.Build.0 = Debug|Any CPU
		{8DD2451A-8ED0-4D18-AFED-F1C34A719946}.Debug|x86.ActiveCfg = Debug|Any CPU
		{8DD2451A-8ED0-4D18-AFED-F1C34A719946}.Debug|x86.Build.0 = Debug|Any CPU
		{8DD2451A-8ED0-4D18-AFED-F1C34A719946}.Release|Any CPU.ActiveCfg = Release|Any CPU
		{8DD2451A-8ED0-4D18-AFED-F1C34A719946}.Release|Any CPU.Build.0 = Release|Any CPU
		{8DD2451A-8ED0-4D18-AFED-F1C34A719946}.Release|x64.ActiveCfg = Release|Any CPU
		{8DD2451A-8ED0-4D18-AFED-F1C34A719946}.Release|x64.Build.0 = Release|Any CPU
		{8DD2451A-8ED0-4D18-AFED-F1C34A719946}.Release|x86.ActiveCfg = Release|Any CPU
		{8DD2451A-8ED0-4D18-AFED-F1C34A719946}.Release|x86.Build.0 = Release|Any CPU
		{07B3EDC3-5E15-4C1B-AFA0-0836ACC31D36}.Debug|Any CPU.ActiveCfg = Debug|Any CPU
		{07B3EDC3-5E15-4C1B-AFA0-0836ACC31D36}.Debug|Any CPU.Build.0 = Debug|Any CPU
		{07B3EDC3-5E15-4C1B-AFA0-0836ACC31D36}.Debug|x64.ActiveCfg = Debug|Any CPU
		{07B3EDC3-5E15-4C1B-AFA0-0836ACC31D36}.Debug|x64.Build.0 = Debug|Any CPU
		{07B3EDC3-5E15-4C1B-AFA0-0836ACC31D36}.Debug|x86.ActiveCfg = Debug|Any CPU
		{07B3EDC3-5E15-4C1B-AFA0-0836ACC31D36}.Debug|x86.Build.0 = Debug|Any CPU
		{07B3EDC3-5E15-4C1B-AFA0-0836ACC31D36}.Release|Any CPU.ActiveCfg = Release|Any CPU
		{07B3EDC3-5E15-4C1B-AFA0-0836ACC31D36}.Release|Any CPU.Build.0 = Release|Any CPU
		{07B3EDC3-5E15-4C1B-AFA0-0836ACC31D36}.Release|x64.ActiveCfg = Release|Any CPU
		{07B3EDC3-5E15-4C1B-AFA0-0836ACC31D36}.Release|x64.Build.0 = Release|Any CPU
		{07B3EDC3-5E15-4C1B-AFA0-0836ACC31D36}.Release|x86.ActiveCfg = Release|Any CPU
		{07B3EDC3-5E15-4C1B-AFA0-0836ACC31D36}.Release|x86.Build.0 = Release|Any CPU
		{B80D31CC-643A-43EF-9296-CBE39B440BA5}.Debug|Any CPU.ActiveCfg = Debug|Any CPU
		{B80D31CC-643A-43EF-9296-CBE39B440BA5}.Debug|Any CPU.Build.0 = Debug|Any CPU
		{B80D31CC-643A-43EF-9296-CBE39B440BA5}.Debug|x64.ActiveCfg = Debug|Any CPU
		{B80D31CC-643A-43EF-9296-CBE39B440BA5}.Debug|x64.Build.0 = Debug|Any CPU
		{B80D31CC-643A-43EF-9296-CBE39B440BA5}.Debug|x86.ActiveCfg = Debug|Any CPU
		{B80D31CC-643A-43EF-9296-CBE39B440BA5}.Debug|x86.Build.0 = Debug|Any CPU
		{B80D31CC-643A-43EF-9296-CBE39B440BA5}.Release|Any CPU.ActiveCfg = Release|Any CPU
		{B80D31CC-643A-43EF-9296-CBE39B440BA5}.Release|Any CPU.Build.0 = Release|Any CPU
		{B80D31CC-643A-43EF-9296-CBE39B440BA5}.Release|x64.ActiveCfg = Release|Any CPU
		{B80D31CC-643A-43EF-9296-CBE39B440BA5}.Release|x64.Build.0 = Release|Any CPU
		{B80D31CC-643A-43EF-9296-CBE39B440BA5}.Release|x86.ActiveCfg = Release|Any CPU
		{B80D31CC-643A-43EF-9296-CBE39B440BA5}.Release|x86.Build.0 = Release|Any CPU
		{7B1C7C56-A458-4734-9ABE-012A621C7361}.Debug|Any CPU.ActiveCfg = Debug|Any CPU
		{7B1C7C56-A458-4734-9ABE-012A621C7361}.Debug|Any CPU.Build.0 = Debug|Any CPU
		{7B1C7C56-A458-4734-9ABE-012A621C7361}.Debug|x64.ActiveCfg = Debug|Any CPU
		{7B1C7C56-A458-4734-9ABE-012A621C7361}.Debug|x64.Build.0 = Debug|Any CPU
		{7B1C7C56-A458-4734-9ABE-012A621C7361}.Debug|x86.ActiveCfg = Debug|Any CPU
		{7B1C7C56-A458-4734-9ABE-012A621C7361}.Debug|x86.Build.0 = Debug|Any CPU
		{7B1C7C56-A458-4734-9ABE-012A621C7361}.Release|Any CPU.ActiveCfg = Release|Any CPU
		{7B1C7C56-A458-4734-9ABE-012A621C7361}.Release|Any CPU.Build.0 = Release|Any CPU
		{7B1C7C56-A458-4734-9ABE-012A621C7361}.Release|x64.ActiveCfg = Release|Any CPU
		{7B1C7C56-A458-4734-9ABE-012A621C7361}.Release|x64.Build.0 = Release|Any CPU
		{7B1C7C56-A458-4734-9ABE-012A621C7361}.Release|x86.ActiveCfg = Release|Any CPU
		{7B1C7C56-A458-4734-9ABE-012A621C7361}.Release|x86.Build.0 = Release|Any CPU
		{A22200F2-4DB2-477F-BFAA-D514C58350D8}.Debug|Any CPU.ActiveCfg = Debug|Any CPU
		{A22200F2-4DB2-477F-BFAA-D514C58350D8}.Debug|Any CPU.Build.0 = Debug|Any CPU
		{A22200F2-4DB2-477F-BFAA-D514C58350D8}.Debug|x64.ActiveCfg = Debug|Any CPU
		{A22200F2-4DB2-477F-BFAA-D514C58350D8}.Debug|x64.Build.0 = Debug|Any CPU
		{A22200F2-4DB2-477F-BFAA-D514C58350D8}.Debug|x86.ActiveCfg = Debug|Any CPU
		{A22200F2-4DB2-477F-BFAA-D514C58350D8}.Debug|x86.Build.0 = Debug|Any CPU
		{A22200F2-4DB2-477F-BFAA-D514C58350D8}.Release|Any CPU.ActiveCfg = Release|Any CPU
		{A22200F2-4DB2-477F-BFAA-D514C58350D8}.Release|Any CPU.Build.0 = Release|Any CPU
		{A22200F2-4DB2-477F-BFAA-D514C58350D8}.Release|x64.ActiveCfg = Release|Any CPU
		{A22200F2-4DB2-477F-BFAA-D514C58350D8}.Release|x64.Build.0 = Release|Any CPU
		{A22200F2-4DB2-477F-BFAA-D514C58350D8}.Release|x86.ActiveCfg = Release|Any CPU
		{A22200F2-4DB2-477F-BFAA-D514C58350D8}.Release|x86.Build.0 = Release|Any CPU
		{EE7C6349-2D6A-4000-812E-D69E48E72CAA}.Debug|Any CPU.ActiveCfg = Debug|Any CPU
		{EE7C6349-2D6A-4000-812E-D69E48E72CAA}.Debug|Any CPU.Build.0 = Debug|Any CPU
		{EE7C6349-2D6A-4000-812E-D69E48E72CAA}.Debug|x64.ActiveCfg = Debug|Any CPU
		{EE7C6349-2D6A-4000-812E-D69E48E72CAA}.Debug|x64.Build.0 = Debug|Any CPU
		{EE7C6349-2D6A-4000-812E-D69E48E72CAA}.Debug|x86.ActiveCfg = Debug|Any CPU
		{EE7C6349-2D6A-4000-812E-D69E48E72CAA}.Debug|x86.Build.0 = Debug|Any CPU
		{EE7C6349-2D6A-4000-812E-D69E48E72CAA}.Release|Any CPU.ActiveCfg = Release|Any CPU
		{EE7C6349-2D6A-4000-812E-D69E48E72CAA}.Release|Any CPU.Build.0 = Release|Any CPU
		{EE7C6349-2D6A-4000-812E-D69E48E72CAA}.Release|x64.ActiveCfg = Release|Any CPU
		{EE7C6349-2D6A-4000-812E-D69E48E72CAA}.Release|x64.Build.0 = Release|Any CPU
		{EE7C6349-2D6A-4000-812E-D69E48E72CAA}.Release|x86.ActiveCfg = Release|Any CPU
		{EE7C6349-2D6A-4000-812E-D69E48E72CAA}.Release|x86.Build.0 = Release|Any CPU
		{284329C6-120B-4FC0-A22B-F76FDB59F6F0}.Debug|Any CPU.ActiveCfg = Debug|Any CPU
		{284329C6-120B-4FC0-A22B-F76FDB59F6F0}.Debug|Any CPU.Build.0 = Debug|Any CPU
		{284329C6-120B-4FC0-A22B-F76FDB59F6F0}.Debug|x64.ActiveCfg = Debug|Any CPU
		{284329C6-120B-4FC0-A22B-F76FDB59F6F0}.Debug|x64.Build.0 = Debug|Any CPU
		{284329C6-120B-4FC0-A22B-F76FDB59F6F0}.Debug|x86.ActiveCfg = Debug|Any CPU
		{284329C6-120B-4FC0-A22B-F76FDB59F6F0}.Debug|x86.Build.0 = Debug|Any CPU
		{284329C6-120B-4FC0-A22B-F76FDB59F6F0}.Release|Any CPU.ActiveCfg = Release|Any CPU
		{284329C6-120B-4FC0-A22B-F76FDB59F6F0}.Release|Any CPU.Build.0 = Release|Any CPU
		{284329C6-120B-4FC0-A22B-F76FDB59F6F0}.Release|x64.ActiveCfg = Release|Any CPU
		{284329C6-120B-4FC0-A22B-F76FDB59F6F0}.Release|x64.Build.0 = Release|Any CPU
		{284329C6-120B-4FC0-A22B-F76FDB59F6F0}.Release|x86.ActiveCfg = Release|Any CPU
		{284329C6-120B-4FC0-A22B-F76FDB59F6F0}.Release|x86.Build.0 = Release|Any CPU
		{4FD2BAF0-E9CC-4403-8661-7130C89EA603}.Debug|Any CPU.ActiveCfg = Debug|Any CPU
		{4FD2BAF0-E9CC-4403-8661-7130C89EA603}.Debug|Any CPU.Build.0 = Debug|Any CPU
		{4FD2BAF0-E9CC-4403-8661-7130C89EA603}.Debug|x64.ActiveCfg = Debug|Any CPU
		{4FD2BAF0-E9CC-4403-8661-7130C89EA603}.Debug|x64.Build.0 = Debug|Any CPU
		{4FD2BAF0-E9CC-4403-8661-7130C89EA603}.Debug|x86.ActiveCfg = Debug|Any CPU
		{4FD2BAF0-E9CC-4403-8661-7130C89EA603}.Debug|x86.Build.0 = Debug|Any CPU
		{4FD2BAF0-E9CC-4403-8661-7130C89EA603}.Release|Any CPU.ActiveCfg = Release|Any CPU
		{4FD2BAF0-E9CC-4403-8661-7130C89EA603}.Release|Any CPU.Build.0 = Release|Any CPU
		{4FD2BAF0-E9CC-4403-8661-7130C89EA603}.Release|x64.ActiveCfg = Release|Any CPU
		{4FD2BAF0-E9CC-4403-8661-7130C89EA603}.Release|x64.Build.0 = Release|Any CPU
		{4FD2BAF0-E9CC-4403-8661-7130C89EA603}.Release|x86.ActiveCfg = Release|Any CPU
		{4FD2BAF0-E9CC-4403-8661-7130C89EA603}.Release|x86.Build.0 = Release|Any CPU
		{FB5D9870-B9D8-4A4D-BDC1-039F6CC3D68F}.Debug|Any CPU.ActiveCfg = Debug|Any CPU
		{FB5D9870-B9D8-4A4D-BDC1-039F6CC3D68F}.Debug|Any CPU.Build.0 = Debug|Any CPU
		{FB5D9870-B9D8-4A4D-BDC1-039F6CC3D68F}.Debug|x64.ActiveCfg = Debug|Any CPU
		{FB5D9870-B9D8-4A4D-BDC1-039F6CC3D68F}.Debug|x64.Build.0 = Debug|Any CPU
		{FB5D9870-B9D8-4A4D-BDC1-039F6CC3D68F}.Debug|x86.ActiveCfg = Debug|Any CPU
		{FB5D9870-B9D8-4A4D-BDC1-039F6CC3D68F}.Debug|x86.Build.0 = Debug|Any CPU
		{FB5D9870-B9D8-4A4D-BDC1-039F6CC3D68F}.Release|Any CPU.ActiveCfg = Release|Any CPU
		{FB5D9870-B9D8-4A4D-BDC1-039F6CC3D68F}.Release|Any CPU.Build.0 = Release|Any CPU
		{FB5D9870-B9D8-4A4D-BDC1-039F6CC3D68F}.Release|x64.ActiveCfg = Release|Any CPU
		{FB5D9870-B9D8-4A4D-BDC1-039F6CC3D68F}.Release|x64.Build.0 = Release|Any CPU
		{FB5D9870-B9D8-4A4D-BDC1-039F6CC3D68F}.Release|x86.ActiveCfg = Release|Any CPU
		{FB5D9870-B9D8-4A4D-BDC1-039F6CC3D68F}.Release|x86.Build.0 = Release|Any CPU
	EndGlobalSection
	GlobalSection(SolutionProperties) = preSolution
		HideSolutionNode = FALSE
	EndGlobalSection
	GlobalSection(NestedProjects) = preSolution
		{8B2E4F1A-9C3D-4E5F-A6B7-1234567890AB} = {827E0CD3-B72D-47B6-A68D-7590B98EB39B}
		{9C3E5F2B-0D4E-5F6A-B7C8-2345678901BC} = {827E0CD3-B72D-47B6-A68D-7590B98EB39B}
		{FCA01246-F2C6-0AA7-D43F-FD13BE0B9D88} = {827E0CD3-B72D-47B6-A68D-7590B98EB39B}
		{5E0CE075-273A-427F-8FCF-C2F3BEBFC1FB} = {FCA01246-F2C6-0AA7-D43F-FD13BE0B9D88}
		{B1234567-89AB-CDEF-0123-456789ABCDE1} = {9C3E5F2B-0D4E-5F6A-B7C8-2345678901BC}
		{B2234567-89AB-CDEF-0123-456789ABCDE2} = {9C3E5F2B-0D4E-5F6A-B7C8-2345678901BC}
		{B3234567-89AB-CDEF-0123-456789ABCDE3} = {9C3E5F2B-0D4E-5F6A-B7C8-2345678901BC}
		{B4234567-89AB-CDEF-0123-456789ABCDE4} = {9C3E5F2B-0D4E-5F6A-B7C8-2345678901BC}
		{B53CFDCF-D781-48EF-82EE-835C327C47F9} = {8B2E4F1A-9C3D-4E5F-A6B7-1234567890AB}
		{191EA694-83DE-4F46-B6FA-E16DB7C5D8E4} = {B53CFDCF-D781-48EF-82EE-835C327C47F9}
		{D10DE3EE-1C87-40EE-B7B3-DD960109D809} = {B53CFDCF-D781-48EF-82EE-835C327C47F9}
		{E935B38D-FB97-4BA8-8465-092B704F1AB9} = {B53CFDCF-D781-48EF-82EE-835C327C47F9}
		{D7B667B8-0E66-41C3-8B7D-0C820D6F8410} = {B53CFDCF-D781-48EF-82EE-835C327C47F9}
		{32EC071A-4C2C-4E31-8648-BC058462F1D2} = {8B2E4F1A-9C3D-4E5F-A6B7-1234567890AB}
		{A00F9FAB-1308-4495-8D42-4DA01E17D56D} = {32EC071A-4C2C-4E31-8648-BC058462F1D2}
		{E36EE629-D2BC-47B6-8D1C-8B2583C06BFC} = {32EC071A-4C2C-4E31-8648-BC058462F1D2}
		{A78E3C52-6662-4576-9511-D894BD0C085C} = {32EC071A-4C2C-4E31-8648-BC058462F1D2}
		{A69A0845-B262-4F3D-902A-103DB5234275} = {32EC071A-4C2C-4E31-8648-BC058462F1D2}
		{C1234567-89AB-CDEF-0123-456789ABCDE0} = {8B2E4F1A-9C3D-4E5F-A6B7-1234567890AB}
		{C1234567-89AB-CDEF-0123-456789ABCDE1} = {C1234567-89AB-CDEF-0123-456789ABCDE0}
		{C1234567-89AB-CDEF-0123-456789ABCDE2} = {C1234567-89AB-CDEF-0123-456789ABCDE0}
		{C1234567-89AB-CDEF-0123-456789ABCDE3} = {C1234567-89AB-CDEF-0123-456789ABCDE0}
		{C1234567-89AB-CDEF-0123-456789ABCDE4} = {C1234567-89AB-CDEF-0123-456789ABCDE0}
		{FD733103-5A0E-468A-9865-FE903B27DCFB} = {8B2E4F1A-9C3D-4E5F-A6B7-1234567890AB}
		{FB495BE2-5BF3-4530-99C9-7469949DFE82} = {FD733103-5A0E-468A-9865-FE903B27DCFB}
		{4D56D224-F64E-41E3-AC06-FD9A7D5C3F87} = {FD733103-5A0E-468A-9865-FE903B27DCFB}
		{4A073059-AD61-4A0F-93D9-838917EEA781} = {FD733103-5A0E-468A-9865-FE903B27DCFB}
		{4689FBCC-B1E4-4573-8566-1DF4448F52AE} = {FD733103-5A0E-468A-9865-FE903B27DCFB}
		{51B5500C-DA72-412B-B6A3-CE7898B74050} = {8B2E4F1A-9C3D-4E5F-A6B7-1234567890AB}
		{62E077EF-23D1-468E-BDDE-E0713FBF7311} = {51B5500C-DA72-412B-B6A3-CE7898B74050}
		{8DD2451A-8ED0-4D18-AFED-F1C34A719946} = {51B5500C-DA72-412B-B6A3-CE7898B74050}
		{07B3EDC3-5E15-4C1B-AFA0-0836ACC31D36} = {51B5500C-DA72-412B-B6A3-CE7898B74050}
		{B80D31CC-643A-43EF-9296-CBE39B440BA5} = {51B5500C-DA72-412B-B6A3-CE7898B74050}
		{CFD57FCB-2500-47CE-904A-DE7FCE842AA2} = {8B2E4F1A-9C3D-4E5F-A6B7-1234567890AB}
		{7B1C7C56-A458-4734-9ABE-012A621C7361} = {CFD57FCB-2500-47CE-904A-DE7FCE842AA2}
		{A22200F2-4DB2-477F-BFAA-D514C58350D8} = {CFD57FCB-2500-47CE-904A-DE7FCE842AA2}
		{EE7C6349-2D6A-4000-812E-D69E48E72CAA} = {CFD57FCB-2500-47CE-904A-DE7FCE842AA2}
		{284329C6-120B-4FC0-A22B-F76FDB59F6F0} = {CFD57FCB-2500-47CE-904A-DE7FCE842AA2}
		{4FD2BAF0-E9CC-4403-8661-7130C89EA603} = {827E0CD3-B72D-47B6-A68D-7590B98EB39B}
		{FB5D9870-B9D8-4A4D-BDC1-039F6CC3D68F} = {827E0CD3-B72D-47B6-A68D-7590B98EB39B}
	EndGlobalSection
	GlobalSection(ExtensibilityGlobals) = postSolution
		SolutionGuid = {49F3E4A5-B8D8-4179-85AA-A84905598271}
	EndGlobalSection
EndGlobal
